// !$*UTF8*$!
{
	archiveVersion = 1;
	classes = {
	};
	objectVersion = 55;
	objects = {

/* Begin PBXBuildFile section */
		221B846428908F2400347EDD /* RegisterViewController.swift in Sources */ = {isa = PBXBuildFile; fileRef = 221B846328908F2400347EDD /* RegisterViewController.swift */; };
		221B8466289094AB00347EDD /* WelcomeViewController.swift in Sources */ = {isa = PBXBuildFile; fileRef = 221B8465289094AB00347EDD /* WelcomeViewController.swift */; };
		2223AA72289DDB98003D765F /* HTTPClient.swift in Sources */ = {isa = PBXBuildFile; fileRef = 2223AA71289DDB98003D765F /* HTTPClient.swift */; };
		2223AA74289DDBBD003D765F /* OfficeLoader.swift in Sources */ = {isa = PBXBuildFile; fileRef = 2223AA73289DDBBD003D765F /* OfficeLoader.swift */; };
		2223AA76289DDBD1003D765F /* RemoteOfficeLoader.swift in Sources */ = {isa = PBXBuildFile; fileRef = 2223AA75289DDBD1003D765F /* RemoteOfficeLoader.swift */; };
		2223AA7A289FFEC3003D765F /* OfficesTableViewCell.swift in Sources */ = {isa = PBXBuildFile; fileRef = 2223AA78289FFEC3003D765F /* OfficesTableViewCell.swift */; };
		2223AA7B289FFEC3003D765F /* OfficesTableViewCell.xib in Resources */ = {isa = PBXBuildFile; fileRef = 2223AA79289FFEC3003D765F /* OfficesTableViewCell.xib */; };
		2223AA7E28A00121003D765F /* SDWebImage in Frameworks */ = {isa = PBXBuildFile; productRef = 2223AA7D28A00121003D765F /* SDWebImage */; };
		2223AA8028A00121003D765F /* SDWebImageMapKit in Frameworks */ = {isa = PBXBuildFile; productRef = 2223AA7F28A00121003D765F /* SDWebImageMapKit */; };
		2223AA8928A052B7003D765F /* OfficeDetail.storyboard in Resources */ = {isa = PBXBuildFile; fileRef = 2223AA8228A052B7003D765F /* OfficeDetail.storyboard */; };
		2223AA8A28A052B7003D765F /* OfficeDetailViewController.swift in Sources */ = {isa = PBXBuildFile; fileRef = 2223AA8328A052B7003D765F /* OfficeDetailViewController.swift */; };
		2223AA8B28A052B7003D765F /* OfficeDetailPresenter.swift in Sources */ = {isa = PBXBuildFile; fileRef = 2223AA8428A052B7003D765F /* OfficeDetailPresenter.swift */; };
		2223AA8C28A052B7003D765F /* OfficeDetailInteractor.swift in Sources */ = {isa = PBXBuildFile; fileRef = 2223AA8528A052B7003D765F /* OfficeDetailInteractor.swift */; };
		2223AA8D28A052B7003D765F /* OfficeDetailModels.swift in Sources */ = {isa = PBXBuildFile; fileRef = 2223AA8628A052B7003D765F /* OfficeDetailModels.swift */; };
		2223AA8E28A052B7003D765F /* OfficeDetailWorker.swift in Sources */ = {isa = PBXBuildFile; fileRef = 2223AA8728A052B7003D765F /* OfficeDetailWorker.swift */; };
		2223AA8F28A052B7003D765F /* OfficeDetailRouter.swift in Sources */ = {isa = PBXBuildFile; fileRef = 2223AA8828A052B7003D765F /* OfficeDetailRouter.swift */; };
		2223AA9728A067D3003D765F /* OfficeDetailCollectionViewCell.swift in Sources */ = {isa = PBXBuildFile; fileRef = 2223AA9528A067D3003D765F /* OfficeDetailCollectionViewCell.swift */; };
		2223AA9828A067D3003D765F /* OfficeDetailCollectionViewCell.xib in Resources */ = {isa = PBXBuildFile; fileRef = 2223AA9628A067D3003D765F /* OfficeDetailCollectionViewCell.xib */; };
		2223AAA228A301AF003D765F /* FullScreen.storyboard in Resources */ = {isa = PBXBuildFile; fileRef = 2223AA9B28A301AF003D765F /* FullScreen.storyboard */; };
		2223AAA328A301AF003D765F /* FullScreenViewController.swift in Sources */ = {isa = PBXBuildFile; fileRef = 2223AA9C28A301AF003D765F /* FullScreenViewController.swift */; };
		2223AAA428A301AF003D765F /* FullScreenPresenter.swift in Sources */ = {isa = PBXBuildFile; fileRef = 2223AA9D28A301AF003D765F /* FullScreenPresenter.swift */; };
		2223AAA528A301AF003D765F /* FullScreenInteractor.swift in Sources */ = {isa = PBXBuildFile; fileRef = 2223AA9E28A301AF003D765F /* FullScreenInteractor.swift */; };
		2223AAA628A301AF003D765F /* FullScreenModels.swift in Sources */ = {isa = PBXBuildFile; fileRef = 2223AA9F28A301AF003D765F /* FullScreenModels.swift */; };
		2223AAA728A301AF003D765F /* FullScreenWorker.swift in Sources */ = {isa = PBXBuildFile; fileRef = 2223AAA028A301AF003D765F /* FullScreenWorker.swift */; };
		2223AAA828A301AF003D765F /* FullScreenRouter.swift in Sources */ = {isa = PBXBuildFile; fileRef = 2223AAA128A301AF003D765F /* FullScreenRouter.swift */; };
		227B71C628A3EEA600D1278B /* FullScreenCollectionViewCell.swift in Sources */ = {isa = PBXBuildFile; fileRef = 227B71C428A3EEA600D1278B /* FullScreenCollectionViewCell.swift */; };
		227B71C728A3EEA600D1278B /* FullScreenCollectionViewCell.xib in Resources */ = {isa = PBXBuildFile; fileRef = 227B71C528A3EEA600D1278B /* FullScreenCollectionViewCell.xib */; };
		2284FC33289D906300D5ADD8 /* Offices.storyboard in Resources */ = {isa = PBXBuildFile; fileRef = 2284FC2C289D906300D5ADD8 /* Offices.storyboard */; };
		2284FC34289D906300D5ADD8 /* OfficesViewController.swift in Sources */ = {isa = PBXBuildFile; fileRef = 2284FC2D289D906300D5ADD8 /* OfficesViewController.swift */; };
		2284FC35289D906300D5ADD8 /* OfficesPresenter.swift in Sources */ = {isa = PBXBuildFile; fileRef = 2284FC2E289D906300D5ADD8 /* OfficesPresenter.swift */; };
		2284FC36289D906300D5ADD8 /* OfficesInteractor.swift in Sources */ = {isa = PBXBuildFile; fileRef = 2284FC2F289D906300D5ADD8 /* OfficesInteractor.swift */; };
		2284FC37289D906300D5ADD8 /* OfficesModels.swift in Sources */ = {isa = PBXBuildFile; fileRef = 2284FC30289D906300D5ADD8 /* OfficesModels.swift */; };
		2284FC38289D906300D5ADD8 /* OfficesWorker.swift in Sources */ = {isa = PBXBuildFile; fileRef = 2284FC31289D906300D5ADD8 /* OfficesWorker.swift */; };
		2284FC39289D906300D5ADD8 /* OfficesRouter.swift in Sources */ = {isa = PBXBuildFile; fileRef = 2284FC32289D906300D5ADD8 /* OfficesRouter.swift */; };
		2284FC3C289D9B2900D5ADD8 /* NetworkModel.swift in Sources */ = {isa = PBXBuildFile; fileRef = 2284FC3B289D9B2900D5ADD8 /* NetworkModel.swift */; };
		2284FC3E289D9B7700D5ADD8 /* ResponseModel.swift in Sources */ = {isa = PBXBuildFile; fileRef = 2284FC3D289D9B7700D5ADD8 /* ResponseModel.swift */; };
		22948B8B2874579D0084862E /* AppDelegate.swift in Sources */ = {isa = PBXBuildFile; fileRef = 22948B8A2874579D0084862E /* AppDelegate.swift */; };
		22948B8D2874579D0084862E /* SceneDelegate.swift in Sources */ = {isa = PBXBuildFile; fileRef = 22948B8C2874579D0084862E /* SceneDelegate.swift */; };
		22948B8F2874579D0084862E /* ViewController.swift in Sources */ = {isa = PBXBuildFile; fileRef = 22948B8E2874579D0084862E /* ViewController.swift */; };
		22948B922874579D0084862E /* Main.storyboard in Resources */ = {isa = PBXBuildFile; fileRef = 22948B902874579D0084862E /* Main.storyboard */; };
		22948B94287457A10084862E /* Assets.xcassets in Resources */ = {isa = PBXBuildFile; fileRef = 22948B93287457A10084862E /* Assets.xcassets */; };
		22948B97287457A10084862E /* LaunchScreen.storyboard in Resources */ = {isa = PBXBuildFile; fileRef = 22948B95287457A10084862E /* LaunchScreen.storyboard */; };
		22948BA2287457A10084862E /* FirstOfficerTests.swift in Sources */ = {isa = PBXBuildFile; fileRef = 22948BA1287457A10084862E /* FirstOfficerTests.swift */; };
		22948BAC287457A10084862E /* FirstOfficerUITests.swift in Sources */ = {isa = PBXBuildFile; fileRef = 22948BAB287457A10084862E /* FirstOfficerUITests.swift */; };
		22948BAE287457A10084862E /* FirstOfficerUITestsLaunchTests.swift in Sources */ = {isa = PBXBuildFile; fileRef = 22948BAD287457A10084862E /* FirstOfficerUITestsLaunchTests.swift */; };
/* End PBXBuildFile section */

/* Begin PBXContainerItemProxy section */
		22948B9E287457A10084862E /* PBXContainerItemProxy */ = {
			isa = PBXContainerItemProxy;
			containerPortal = 22948B7F2874579D0084862E /* Project object */;
			proxyType = 1;
			remoteGlobalIDString = 22948B862874579D0084862E;
			remoteInfo = FirstOfficer;
		};
		22948BA8287457A10084862E /* PBXContainerItemProxy */ = {
			isa = PBXContainerItemProxy;
			containerPortal = 22948B7F2874579D0084862E /* Project object */;
			proxyType = 1;
			remoteGlobalIDString = 22948B862874579D0084862E;
			remoteInfo = FirstOfficer;
		};
/* End PBXContainerItemProxy section */

/* Begin PBXFileReference section */
		221B846328908F2400347EDD /* RegisterViewController.swift */ = {isa = PBXFileReference; lastKnownFileType = sourcecode.swift; path = RegisterViewController.swift; sourceTree = "<group>"; };
		221B8465289094AB00347EDD /* WelcomeViewController.swift */ = {isa = PBXFileReference; lastKnownFileType = sourcecode.swift; path = WelcomeViewController.swift; sourceTree = "<group>"; };
		2223AA71289DDB98003D765F /* HTTPClient.swift */ = {isa = PBXFileReference; lastKnownFileType = sourcecode.swift; path = HTTPClient.swift; sourceTree = "<group>"; };
		2223AA73289DDBBD003D765F /* OfficeLoader.swift */ = {isa = PBXFileReference; lastKnownFileType = sourcecode.swift; path = OfficeLoader.swift; sourceTree = "<group>"; };
		2223AA75289DDBD1003D765F /* RemoteOfficeLoader.swift */ = {isa = PBXFileReference; lastKnownFileType = sourcecode.swift; path = RemoteOfficeLoader.swift; sourceTree = "<group>"; };
		2223AA78289FFEC3003D765F /* OfficesTableViewCell.swift */ = {isa = PBXFileReference; lastKnownFileType = sourcecode.swift; path = OfficesTableViewCell.swift; sourceTree = "<group>"; };
		2223AA79289FFEC3003D765F /* OfficesTableViewCell.xib */ = {isa = PBXFileReference; lastKnownFileType = file.xib; path = OfficesTableViewCell.xib; sourceTree = "<group>"; };
		2223AA8228A052B7003D765F /* OfficeDetail.storyboard */ = {isa = PBXFileReference; lastKnownFileType = file.storyboard; path = OfficeDetail.storyboard; sourceTree = "<group>"; };
		2223AA8328A052B7003D765F /* OfficeDetailViewController.swift */ = {isa = PBXFileReference; lastKnownFileType = sourcecode.swift; path = OfficeDetailViewController.swift; sourceTree = "<group>"; };
		2223AA8428A052B7003D765F /* OfficeDetailPresenter.swift */ = {isa = PBXFileReference; lastKnownFileType = sourcecode.swift; path = OfficeDetailPresenter.swift; sourceTree = "<group>"; };
		2223AA8528A052B7003D765F /* OfficeDetailInteractor.swift */ = {isa = PBXFileReference; lastKnownFileType = sourcecode.swift; path = OfficeDetailInteractor.swift; sourceTree = "<group>"; };
		2223AA8628A052B7003D765F /* OfficeDetailModels.swift */ = {isa = PBXFileReference; lastKnownFileType = sourcecode.swift; path = OfficeDetailModels.swift; sourceTree = "<group>"; };
		2223AA8728A052B7003D765F /* OfficeDetailWorker.swift */ = {isa = PBXFileReference; lastKnownFileType = sourcecode.swift; path = OfficeDetailWorker.swift; sourceTree = "<group>"; };
		2223AA8828A052B7003D765F /* OfficeDetailRouter.swift */ = {isa = PBXFileReference; lastKnownFileType = sourcecode.swift; path = OfficeDetailRouter.swift; sourceTree = "<group>"; };
		2223AA9528A067D3003D765F /* OfficeDetailCollectionViewCell.swift */ = {isa = PBXFileReference; lastKnownFileType = sourcecode.swift; path = OfficeDetailCollectionViewCell.swift; sourceTree = "<group>"; };
		2223AA9628A067D3003D765F /* OfficeDetailCollectionViewCell.xib */ = {isa = PBXFileReference; lastKnownFileType = file.xib; path = OfficeDetailCollectionViewCell.xib; sourceTree = "<group>"; };
		2223AA9B28A301AF003D765F /* FullScreen.storyboard */ = {isa = PBXFileReference; lastKnownFileType = file.storyboard; path = FullScreen.storyboard; sourceTree = "<group>"; };
		2223AA9C28A301AF003D765F /* FullScreenViewController.swift */ = {isa = PBXFileReference; lastKnownFileType = sourcecode.swift; path = FullScreenViewController.swift; sourceTree = "<group>"; };
		2223AA9D28A301AF003D765F /* FullScreenPresenter.swift */ = {isa = PBXFileReference; lastKnownFileType = sourcecode.swift; path = FullScreenPresenter.swift; sourceTree = "<group>"; };
		2223AA9E28A301AF003D765F /* FullScreenInteractor.swift */ = {isa = PBXFileReference; lastKnownFileType = sourcecode.swift; path = FullScreenInteractor.swift; sourceTree = "<group>"; };
		2223AA9F28A301AF003D765F /* FullScreenModels.swift */ = {isa = PBXFileReference; lastKnownFileType = sourcecode.swift; path = FullScreenModels.swift; sourceTree = "<group>"; };
		2223AAA028A301AF003D765F /* FullScreenWorker.swift */ = {isa = PBXFileReference; lastKnownFileType = sourcecode.swift; path = FullScreenWorker.swift; sourceTree = "<group>"; };
		2223AAA128A301AF003D765F /* FullScreenRouter.swift */ = {isa = PBXFileReference; lastKnownFileType = sourcecode.swift; path = FullScreenRouter.swift; sourceTree = "<group>"; };
		227B71C428A3EEA600D1278B /* FullScreenCollectionViewCell.swift */ = {isa = PBXFileReference; lastKnownFileType = sourcecode.swift; path = FullScreenCollectionViewCell.swift; sourceTree = "<group>"; };
		227B71C528A3EEA600D1278B /* FullScreenCollectionViewCell.xib */ = {isa = PBXFileReference; lastKnownFileType = file.xib; path = FullScreenCollectionViewCell.xib; sourceTree = "<group>"; };
		2284FC2C289D906300D5ADD8 /* Offices.storyboard */ = {isa = PBXFileReference; lastKnownFileType = file.storyboard; path = Offices.storyboard; sourceTree = "<group>"; };
		2284FC2D289D906300D5ADD8 /* OfficesViewController.swift */ = {isa = PBXFileReference; lastKnownFileType = sourcecode.swift; path = OfficesViewController.swift; sourceTree = "<group>"; };
		2284FC2E289D906300D5ADD8 /* OfficesPresenter.swift */ = {isa = PBXFileReference; lastKnownFileType = sourcecode.swift; path = OfficesPresenter.swift; sourceTree = "<group>"; };
		2284FC2F289D906300D5ADD8 /* OfficesInteractor.swift */ = {isa = PBXFileReference; lastKnownFileType = sourcecode.swift; path = OfficesInteractor.swift; sourceTree = "<group>"; };
		2284FC30289D906300D5ADD8 /* OfficesModels.swift */ = {isa = PBXFileReference; lastKnownFileType = sourcecode.swift; path = OfficesModels.swift; sourceTree = "<group>"; };
		2284FC31289D906300D5ADD8 /* OfficesWorker.swift */ = {isa = PBXFileReference; lastKnownFileType = sourcecode.swift; path = OfficesWorker.swift; sourceTree = "<group>"; };
		2284FC32289D906300D5ADD8 /* OfficesRouter.swift */ = {isa = PBXFileReference; lastKnownFileType = sourcecode.swift; path = OfficesRouter.swift; sourceTree = "<group>"; };
		2284FC3B289D9B2900D5ADD8 /* NetworkModel.swift */ = {isa = PBXFileReference; lastKnownFileType = sourcecode.swift; path = NetworkModel.swift; sourceTree = "<group>"; };
		2284FC3D289D9B7700D5ADD8 /* ResponseModel.swift */ = {isa = PBXFileReference; lastKnownFileType = sourcecode.swift; path = ResponseModel.swift; sourceTree = "<group>"; };
		22948B872874579D0084862E /* FirstOfficer.app */ = {isa = PBXFileReference; explicitFileType = wrapper.application; includeInIndex = 0; path = FirstOfficer.app; sourceTree = BUILT_PRODUCTS_DIR; };
		22948B8A2874579D0084862E /* AppDelegate.swift */ = {isa = PBXFileReference; lastKnownFileType = sourcecode.swift; path = AppDelegate.swift; sourceTree = "<group>"; };
		22948B8C2874579D0084862E /* SceneDelegate.swift */ = {isa = PBXFileReference; lastKnownFileType = sourcecode.swift; path = SceneDelegate.swift; sourceTree = "<group>"; };
		22948B8E2874579D0084862E /* ViewController.swift */ = {isa = PBXFileReference; lastKnownFileType = sourcecode.swift; path = ViewController.swift; sourceTree = "<group>"; };
		22948B912874579D0084862E /* Base */ = {isa = PBXFileReference; lastKnownFileType = file.storyboard; name = Base; path = Base.lproj/Main.storyboard; sourceTree = "<group>"; };
		22948B93287457A10084862E /* Assets.xcassets */ = {isa = PBXFileReference; lastKnownFileType = folder.assetcatalog; path = Assets.xcassets; sourceTree = "<group>"; };
		22948B96287457A10084862E /* Base */ = {isa = PBXFileReference; lastKnownFileType = file.storyboard; name = Base; path = Base.lproj/LaunchScreen.storyboard; sourceTree = "<group>"; };
		22948B98287457A10084862E /* Info.plist */ = {isa = PBXFileReference; lastKnownFileType = text.plist.xml; path = Info.plist; sourceTree = "<group>"; };
		22948B9D287457A10084862E /* FirstOfficerTests.xctest */ = {isa = PBXFileReference; explicitFileType = wrapper.cfbundle; includeInIndex = 0; path = FirstOfficerTests.xctest; sourceTree = BUILT_PRODUCTS_DIR; };
		22948BA1287457A10084862E /* FirstOfficerTests.swift */ = {isa = PBXFileReference; lastKnownFileType = sourcecode.swift; path = FirstOfficerTests.swift; sourceTree = "<group>"; };
		22948BA7287457A10084862E /* FirstOfficerUITests.xctest */ = {isa = PBXFileReference; explicitFileType = wrapper.cfbundle; includeInIndex = 0; path = FirstOfficerUITests.xctest; sourceTree = BUILT_PRODUCTS_DIR; };
		22948BAB287457A10084862E /* FirstOfficerUITests.swift */ = {isa = PBXFileReference; lastKnownFileType = sourcecode.swift; path = FirstOfficerUITests.swift; sourceTree = "<group>"; };
		22948BAD287457A10084862E /* FirstOfficerUITestsLaunchTests.swift */ = {isa = PBXFileReference; lastKnownFileType = sourcecode.swift; path = FirstOfficerUITestsLaunchTests.swift; sourceTree = "<group>"; };
		22948BBB2874587B0084862E /* Development.xcconfig */ = {isa = PBXFileReference; lastKnownFileType = text.xcconfig; path = Development.xcconfig; sourceTree = "<group>"; };
		22948BBC2874589F0084862E /* Production.xcconfig */ = {isa = PBXFileReference; lastKnownFileType = text.xcconfig; path = Production.xcconfig; sourceTree = "<group>"; };
		229EB1CA2874B104009D9718 /* FirstOfficer.entitlements */ = {isa = PBXFileReference; lastKnownFileType = text.plist.entitlements; path = FirstOfficer.entitlements; sourceTree = "<group>"; };
/* End PBXFileReference section */

/* Begin PBXFrameworksBuildPhase section */
		22948B842874579D0084862E /* Frameworks */ = {
			isa = PBXFrameworksBuildPhase;
			buildActionMask = 2147483647;
			files = (
				2223AA8028A00121003D765F /* SDWebImageMapKit in Frameworks */,
				2223AA7E28A00121003D765F /* SDWebImage in Frameworks */,
			);
			runOnlyForDeploymentPostprocessing = 0;
		};
		22948B9A287457A10084862E /* Frameworks */ = {
			isa = PBXFrameworksBuildPhase;
			buildActionMask = 2147483647;
			files = (
			);
			runOnlyForDeploymentPostprocessing = 0;
		};
		22948BA4287457A10084862E /* Frameworks */ = {
			isa = PBXFrameworksBuildPhase;
			buildActionMask = 2147483647;
			files = (
			);
			runOnlyForDeploymentPostprocessing = 0;
		};
/* End PBXFrameworksBuildPhase section */

/* Begin PBXGroup section */
		2223AA77289FF0B4003D765F /* exNetwork */ = {
			isa = PBXGroup;
			children = (
				2223AA71289DDB98003D765F /* HTTPClient.swift */,
				2223AA73289DDBBD003D765F /* OfficeLoader.swift */,
				2223AA75289DDBD1003D765F /* RemoteOfficeLoader.swift */,
			);
			path = exNetwork;
			sourceTree = "<group>";
		};
		2223AA8128A05292003D765F /* OfficesDetail */ = {
			isa = PBXGroup;
			children = (
				2223AA9028A052DB003D765F /* OfficeDetailCell */,
				2223AA8228A052B7003D765F /* OfficeDetail.storyboard */,
				2223AA8328A052B7003D765F /* OfficeDetailViewController.swift */,
				2223AA8528A052B7003D765F /* OfficeDetailInteractor.swift */,
				2223AA8428A052B7003D765F /* OfficeDetailPresenter.swift */,
				2223AA8728A052B7003D765F /* OfficeDetailWorker.swift */,
				2223AA8628A052B7003D765F /* OfficeDetailModels.swift */,
				2223AA8828A052B7003D765F /* OfficeDetailRouter.swift */,
			);
			name = OfficesDetail;
			path = "OfficeDetailş";
			sourceTree = "<group>";
		};
		2223AA9028A052DB003D765F /* OfficeDetailCell */ = {
			isa = PBXGroup;
			children = (
				2223AA9528A067D3003D765F /* OfficeDetailCollectionViewCell.swift */,
				2223AA9628A067D3003D765F /* OfficeDetailCollectionViewCell.xib */,
			);
			path = OfficeDetailCell;
			sourceTree = "<group>";
		};
		2223AA9A28A3015C003D765F /* DetailImagesFullScreen */ = {
			isa = PBXGroup;
			children = (
				227B71C328A3EE6300D1278B /* FullScreenCell */,
				2223AA9B28A301AF003D765F /* FullScreen.storyboard */,
				2223AA9C28A301AF003D765F /* FullScreenViewController.swift */,
				2223AA9D28A301AF003D765F /* FullScreenPresenter.swift */,
				2223AA9E28A301AF003D765F /* FullScreenInteractor.swift */,
				2223AA9F28A301AF003D765F /* FullScreenModels.swift */,
				2223AAA028A301AF003D765F /* FullScreenWorker.swift */,
				2223AAA128A301AF003D765F /* FullScreenRouter.swift */,
			);
			path = DetailImagesFullScreen;
			sourceTree = "<group>";
		};
		227B71C328A3EE6300D1278B /* FullScreenCell */ = {
			isa = PBXGroup;
			children = (
				227B71C428A3EEA600D1278B /* FullScreenCollectionViewCell.swift */,
				227B71C528A3EEA600D1278B /* FullScreenCollectionViewCell.xib */,
			);
			path = FullScreenCell;
			sourceTree = "<group>";
		};
		2284FC25289D8E0B00D5ADD8 /* Scenes */ = {
			isa = PBXGroup;
			children = (
				2284FC2B289D904900D5ADD8 /* Offices */,
				2223AA8128A05292003D765F /* OfficesDetail */,
				2223AA9A28A3015C003D765F /* DetailImagesFullScreen */,
				2284FC26289D8E1700D5ADD8 /* WelcomePage */,
				2284FC27289D8E3800D5ADD8 /* LoginPage */,
				2284FC28289D8E5E00D5ADD8 /* LogoutPage */,
			);
			path = Scenes;
			sourceTree = "<group>";
		};
		2284FC26289D8E1700D5ADD8 /* WelcomePage */ = {
			isa = PBXGroup;
			children = (
				221B8465289094AB00347EDD /* WelcomeViewController.swift */,
			);
			path = WelcomePage;
			sourceTree = "<group>";
		};
		2284FC27289D8E3800D5ADD8 /* LoginPage */ = {
			isa = PBXGroup;
			children = (
				221B846328908F2400347EDD /* RegisterViewController.swift */,
			);
			path = LoginPage;
			sourceTree = "<group>";
		};
		2284FC28289D8E5E00D5ADD8 /* LogoutPage */ = {
			isa = PBXGroup;
			children = (
				22948B8E2874579D0084862E /* ViewController.swift */,
			);
			path = LogoutPage;
			sourceTree = "<group>";
		};
		2284FC29289D8EB100D5ADD8 /* NetworkLayer */ = {
			isa = PBXGroup;
			children = (
				2223AA77289FF0B4003D765F /* exNetwork */,
				2284FC3B289D9B2900D5ADD8 /* NetworkModel.swift */,
				2284FC3D289D9B7700D5ADD8 /* ResponseModel.swift */,
			);
			path = NetworkLayer;
			sourceTree = "<group>";
		};
		2284FC2A289D8EC500D5ADD8 /* SupportingFiles */ = {
			isa = PBXGroup;
			children = (
				22948B93287457A10084862E /* Assets.xcassets */,
				22948B8C2874579D0084862E /* SceneDelegate.swift */,
				22948B8A2874579D0084862E /* AppDelegate.swift */,
			);
			path = SupportingFiles;
			sourceTree = "<group>";
		};
		2284FC2B289D904900D5ADD8 /* Offices */ = {
			isa = PBXGroup;
			children = (
				2284FC3A289D98F200D5ADD8 /* OfficesCell */,
				2284FC2C289D906300D5ADD8 /* Offices.storyboard */,
				2284FC2D289D906300D5ADD8 /* OfficesViewController.swift */,
				2284FC2F289D906300D5ADD8 /* OfficesInteractor.swift */,
				2284FC2E289D906300D5ADD8 /* OfficesPresenter.swift */,
				2284FC30289D906300D5ADD8 /* OfficesModels.swift */,
				2284FC31289D906300D5ADD8 /* OfficesWorker.swift */,
				2284FC32289D906300D5ADD8 /* OfficesRouter.swift */,
			);
			path = Offices;
			sourceTree = "<group>";
		};
		2284FC3A289D98F200D5ADD8 /* OfficesCell */ = {
			isa = PBXGroup;
			children = (
				2223AA78289FFEC3003D765F /* OfficesTableViewCell.swift */,
				2223AA79289FFEC3003D765F /* OfficesTableViewCell.xib */,
			);
			path = OfficesCell;
			sourceTree = "<group>";
		};
		22948B7E2874579D0084862E = {
			isa = PBXGroup;
			children = (
				22948BBA2874582D0084862E /* Configurations */,
				22948B892874579D0084862E /* FirstOfficer */,
				22948BA0287457A10084862E /* FirstOfficerTests */,
				22948BAA287457A10084862E /* FirstOfficerUITests */,
				22948B882874579D0084862E /* Products */,
			);
			sourceTree = "<group>";
		};
		22948B882874579D0084862E /* Products */ = {
			isa = PBXGroup;
			children = (
				22948B872874579D0084862E /* FirstOfficer.app */,
				22948B9D287457A10084862E /* FirstOfficerTests.xctest */,
				22948BA7287457A10084862E /* FirstOfficerUITests.xctest */,
			);
			name = Products;
			sourceTree = "<group>";
		};
		22948B892874579D0084862E /* FirstOfficer */ = {
			isa = PBXGroup;
			children = (
				2284FC29289D8EB100D5ADD8 /* NetworkLayer */,
				2284FC25289D8E0B00D5ADD8 /* Scenes */,
				2284FC2A289D8EC500D5ADD8 /* SupportingFiles */,
				229EB1CA2874B104009D9718 /* FirstOfficer.entitlements */,
				22948B902874579D0084862E /* Main.storyboard */,
				22948B95287457A10084862E /* LaunchScreen.storyboard */,
				22948B98287457A10084862E /* Info.plist */,
			);
			path = FirstOfficer;
			sourceTree = "<group>";
		};
		22948BA0287457A10084862E /* FirstOfficerTests */ = {
			isa = PBXGroup;
			children = (
				22948BA1287457A10084862E /* FirstOfficerTests.swift */,
			);
			path = FirstOfficerTests;
			sourceTree = "<group>";
		};
		22948BAA287457A10084862E /* FirstOfficerUITests */ = {
			isa = PBXGroup;
			children = (
				22948BAB287457A10084862E /* FirstOfficerUITests.swift */,
				22948BAD287457A10084862E /* FirstOfficerUITestsLaunchTests.swift */,
			);
			path = FirstOfficerUITests;
			sourceTree = "<group>";
		};
		22948BBA2874582D0084862E /* Configurations */ = {
			isa = PBXGroup;
			children = (
				22948BBB2874587B0084862E /* Development.xcconfig */,
				22948BBC2874589F0084862E /* Production.xcconfig */,
			);
			path = Configurations;
			sourceTree = "<group>";
		};
/* End PBXGroup section */

/* Begin PBXNativeTarget section */
		22948B862874579D0084862E /* FirstOfficer */ = {
			isa = PBXNativeTarget;
			buildConfigurationList = 22948BB1287457A10084862E /* Build configuration list for PBXNativeTarget "FirstOfficer" */;
			buildPhases = (
				22948B832874579D0084862E /* Sources */,
				22948B842874579D0084862E /* Frameworks */,
				22948B852874579D0084862E /* Resources */,
			);
			buildRules = (
			);
			dependencies = (
			);
			name = FirstOfficer;
			packageProductDependencies = (
				2223AA7D28A00121003D765F /* SDWebImage */,
				2223AA7F28A00121003D765F /* SDWebImageMapKit */,
			);
			productName = FirstOfficer;
			productReference = 22948B872874579D0084862E /* FirstOfficer.app */;
			productType = "com.apple.product-type.application";
		};
		22948B9C287457A10084862E /* FirstOfficerTests */ = {
			isa = PBXNativeTarget;
			buildConfigurationList = 22948BB4287457A10084862E /* Build configuration list for PBXNativeTarget "FirstOfficerTests" */;
			buildPhases = (
				22948B99287457A10084862E /* Sources */,
				22948B9A287457A10084862E /* Frameworks */,
				22948B9B287457A10084862E /* Resources */,
			);
			buildRules = (
			);
			dependencies = (
				22948B9F287457A10084862E /* PBXTargetDependency */,
			);
			name = FirstOfficerTests;
			productName = FirstOfficerTests;
			productReference = 22948B9D287457A10084862E /* FirstOfficerTests.xctest */;
			productType = "com.apple.product-type.bundle.unit-test";
		};
		22948BA6287457A10084862E /* FirstOfficerUITests */ = {
			isa = PBXNativeTarget;
			buildConfigurationList = 22948BB7287457A10084862E /* Build configuration list for PBXNativeTarget "FirstOfficerUITests" */;
			buildPhases = (
				22948BA3287457A10084862E /* Sources */,
				22948BA4287457A10084862E /* Frameworks */,
				22948BA5287457A10084862E /* Resources */,
			);
			buildRules = (
			);
			dependencies = (
				22948BA9287457A10084862E /* PBXTargetDependency */,
			);
			name = FirstOfficerUITests;
			productName = FirstOfficerUITests;
			productReference = 22948BA7287457A10084862E /* FirstOfficerUITests.xctest */;
			productType = "com.apple.product-type.bundle.ui-testing";
		};
/* End PBXNativeTarget section */

/* Begin PBXProject section */
		22948B7F2874579D0084862E /* Project object */ = {
			isa = PBXProject;
			attributes = {
				BuildIndependentTargetsInParallel = 1;
				LastSwiftUpdateCheck = 1330;
				LastUpgradeCheck = 1330;
				TargetAttributes = {
					22948B862874579D0084862E = {
						CreatedOnToolsVersion = 13.3.1;
					};
					22948B9C287457A10084862E = {
						CreatedOnToolsVersion = 13.3.1;
						TestTargetID = 22948B862874579D0084862E;
					};
					22948BA6287457A10084862E = {
						CreatedOnToolsVersion = 13.3.1;
						TestTargetID = 22948B862874579D0084862E;
					};
				};
			};
			buildConfigurationList = 22948B822874579D0084862E /* Build configuration list for PBXProject "FirstOfficer" */;
			compatibilityVersion = "Xcode 13.0";
			developmentRegion = en;
			hasScannedForEncodings = 0;
			knownRegions = (
				en,
				Base,
			);
			mainGroup = 22948B7E2874579D0084862E;
			packageReferences = (
				2223AA7C28A00121003D765F /* XCRemoteSwiftPackageReference "SDWebImage" */,
			);
			productRefGroup = 22948B882874579D0084862E /* Products */;
			projectDirPath = "";
			projectRoot = "";
			targets = (
				22948B862874579D0084862E /* FirstOfficer */,
				22948B9C287457A10084862E /* FirstOfficerTests */,
				22948BA6287457A10084862E /* FirstOfficerUITests */,
			);
		};
/* End PBXProject section */

/* Begin PBXResourcesBuildPhase section */
		22948B852874579D0084862E /* Resources */ = {
			isa = PBXResourcesBuildPhase;
			buildActionMask = 2147483647;
			files = (
				2284FC33289D906300D5ADD8 /* Offices.storyboard in Resources */,
				2223AA8928A052B7003D765F /* OfficeDetail.storyboard in Resources */,
				2223AA7B289FFEC3003D765F /* OfficesTableViewCell.xib in Resources */,
				2223AA9828A067D3003D765F /* OfficeDetailCollectionViewCell.xib in Resources */,
				227B71C728A3EEA600D1278B /* FullScreenCollectionViewCell.xib in Resources */,
				22948B97287457A10084862E /* LaunchScreen.storyboard in Resources */,
				22948B94287457A10084862E /* Assets.xcassets in Resources */,
				22948B922874579D0084862E /* Main.storyboard in Resources */,
				2223AAA228A301AF003D765F /* FullScreen.storyboard in Resources */,
			);
			runOnlyForDeploymentPostprocessing = 0;
		};
		22948B9B287457A10084862E /* Resources */ = {
			isa = PBXResourcesBuildPhase;
			buildActionMask = 2147483647;
			files = (
			);
			runOnlyForDeploymentPostprocessing = 0;
		};
		22948BA5287457A10084862E /* Resources */ = {
			isa = PBXResourcesBuildPhase;
			buildActionMask = 2147483647;
			files = (
			);
			runOnlyForDeploymentPostprocessing = 0;
		};
/* End PBXResourcesBuildPhase section */

/* Begin PBXSourcesBuildPhase section */
		22948B832874579D0084862E /* Sources */ = {
			isa = PBXSourcesBuildPhase;
			buildActionMask = 2147483647;
			files = (
				2223AAA328A301AF003D765F /* FullScreenViewController.swift in Sources */,
				22948B8F2874579D0084862E /* ViewController.swift in Sources */,
				221B8466289094AB00347EDD /* WelcomeViewController.swift in Sources */,
				2223AA76289DDBD1003D765F /* RemoteOfficeLoader.swift in Sources */,
				22948B8B2874579D0084862E /* AppDelegate.swift in Sources */,
				2223AA74289DDBBD003D765F /* OfficeLoader.swift in Sources */,
				2223AAA728A301AF003D765F /* FullScreenWorker.swift in Sources */,
				2223AAA528A301AF003D765F /* FullScreenInteractor.swift in Sources */,
				2223AA9728A067D3003D765F /* OfficeDetailCollectionViewCell.swift in Sources */,
				2223AAA628A301AF003D765F /* FullScreenModels.swift in Sources */,
				2223AA8C28A052B7003D765F /* OfficeDetailInteractor.swift in Sources */,
				2223AA8B28A052B7003D765F /* OfficeDetailPresenter.swift in Sources */,
				2223AA8D28A052B7003D765F /* OfficeDetailModels.swift in Sources */,
				22948B8D2874579D0084862E /* SceneDelegate.swift in Sources */,
				2284FC36289D906300D5ADD8 /* OfficesInteractor.swift in Sources */,
				2223AAA828A301AF003D765F /* FullScreenRouter.swift in Sources */,
				2223AA8F28A052B7003D765F /* OfficeDetailRouter.swift in Sources */,
				2284FC35289D906300D5ADD8 /* OfficesPresenter.swift in Sources */,
				2284FC39289D906300D5ADD8 /* OfficesRouter.swift in Sources */,
				2284FC34289D906300D5ADD8 /* OfficesViewController.swift in Sources */,
				2223AA8A28A052B7003D765F /* OfficeDetailViewController.swift in Sources */,
				2223AAA428A301AF003D765F /* FullScreenPresenter.swift in Sources */,
				2284FC37289D906300D5ADD8 /* OfficesModels.swift in Sources */,
				2284FC3E289D9B7700D5ADD8 /* ResponseModel.swift in Sources */,
				2223AA72289DDB98003D765F /* HTTPClient.swift in Sources */,
				221B846428908F2400347EDD /* RegisterViewController.swift in Sources */,
				227B71C628A3EEA600D1278B /* FullScreenCollectionViewCell.swift in Sources */,
				2223AA7A289FFEC3003D765F /* OfficesTableViewCell.swift in Sources */,
				2284FC38289D906300D5ADD8 /* OfficesWorker.swift in Sources */,
				2223AA8E28A052B7003D765F /* OfficeDetailWorker.swift in Sources */,
				2284FC3C289D9B2900D5ADD8 /* NetworkModel.swift in Sources */,
			);
			runOnlyForDeploymentPostprocessing = 0;
		};
		22948B99287457A10084862E /* Sources */ = {
			isa = PBXSourcesBuildPhase;
			buildActionMask = 2147483647;
			files = (
				22948BA2287457A10084862E /* FirstOfficerTests.swift in Sources */,
			);
			runOnlyForDeploymentPostprocessing = 0;
		};
		22948BA3287457A10084862E /* Sources */ = {
			isa = PBXSourcesBuildPhase;
			buildActionMask = 2147483647;
			files = (
				22948BAE287457A10084862E /* FirstOfficerUITestsLaunchTests.swift in Sources */,
				22948BAC287457A10084862E /* FirstOfficerUITests.swift in Sources */,
			);
			runOnlyForDeploymentPostprocessing = 0;
		};
/* End PBXSourcesBuildPhase section */

/* Begin PBXTargetDependency section */
		22948B9F287457A10084862E /* PBXTargetDependency */ = {
			isa = PBXTargetDependency;
			target = 22948B862874579D0084862E /* FirstOfficer */;
			targetProxy = 22948B9E287457A10084862E /* PBXContainerItemProxy */;
		};
		22948BA9287457A10084862E /* PBXTargetDependency */ = {
			isa = PBXTargetDependency;
			target = 22948B862874579D0084862E /* FirstOfficer */;
			targetProxy = 22948BA8287457A10084862E /* PBXContainerItemProxy */;
		};
/* End PBXTargetDependency section */

/* Begin PBXVariantGroup section */
		22948B902874579D0084862E /* Main.storyboard */ = {
			isa = PBXVariantGroup;
			children = (
				22948B912874579D0084862E /* Base */,
			);
			name = Main.storyboard;
			sourceTree = "<group>";
		};
		22948B95287457A10084862E /* LaunchScreen.storyboard */ = {
			isa = PBXVariantGroup;
			children = (
				22948B96287457A10084862E /* Base */,
			);
			name = LaunchScreen.storyboard;
			sourceTree = "<group>";
		};
/* End PBXVariantGroup section */

/* Begin XCBuildConfiguration section */
		22948BAF287457A10084862E /* ProductionDebug */ = {
			isa = XCBuildConfiguration;
			baseConfigurationReference = 22948BBC2874589F0084862E /* Production.xcconfig */;
			buildSettings = {
				ALWAYS_SEARCH_USER_PATHS = NO;
				CLANG_ANALYZER_NONNULL = YES;
				CLANG_ANALYZER_NUMBER_OBJECT_CONVERSION = YES_AGGRESSIVE;
				CLANG_CXX_LANGUAGE_STANDARD = "gnu++17";
				CLANG_ENABLE_MODULES = YES;
				CLANG_ENABLE_OBJC_ARC = YES;
				CLANG_ENABLE_OBJC_WEAK = YES;
				CLANG_WARN_BLOCK_CAPTURE_AUTORELEASING = YES;
				CLANG_WARN_BOOL_CONVERSION = YES;
				CLANG_WARN_COMMA = YES;
				CLANG_WARN_CONSTANT_CONVERSION = YES;
				CLANG_WARN_DEPRECATED_OBJC_IMPLEMENTATIONS = YES;
				CLANG_WARN_DIRECT_OBJC_ISA_USAGE = YES_ERROR;
				CLANG_WARN_DOCUMENTATION_COMMENTS = YES;
				CLANG_WARN_EMPTY_BODY = YES;
				CLANG_WARN_ENUM_CONVERSION = YES;
				CLANG_WARN_INFINITE_RECURSION = YES;
				CLANG_WARN_INT_CONVERSION = YES;
				CLANG_WARN_NON_LITERAL_NULL_CONVERSION = YES;
				CLANG_WARN_OBJC_IMPLICIT_RETAIN_SELF = YES;
				CLANG_WARN_OBJC_LITERAL_CONVERSION = YES;
				CLANG_WARN_OBJC_ROOT_CLASS = YES_ERROR;
				CLANG_WARN_QUOTED_INCLUDE_IN_FRAMEWORK_HEADER = YES;
				CLANG_WARN_RANGE_LOOP_ANALYSIS = YES;
				CLANG_WARN_STRICT_PROTOTYPES = YES;
				CLANG_WARN_SUSPICIOUS_MOVE = YES;
				CLANG_WARN_UNGUARDED_AVAILABILITY = YES_AGGRESSIVE;
				CLANG_WARN_UNREACHABLE_CODE = YES;
				CLANG_WARN__DUPLICATE_METHOD_MATCH = YES;
				COPY_PHASE_STRIP = NO;
				DEBUG_INFORMATION_FORMAT = dwarf;
				ENABLE_STRICT_OBJC_MSGSEND = YES;
				ENABLE_TESTABILITY = YES;
				GCC_C_LANGUAGE_STANDARD = gnu11;
				GCC_DYNAMIC_NO_PIC = NO;
				GCC_NO_COMMON_BLOCKS = YES;
				GCC_OPTIMIZATION_LEVEL = 0;
				GCC_PREPROCESSOR_DEFINITIONS = (
					"DEBUG=1",
					"$(inherited)",
				);
				GCC_WARN_64_TO_32_BIT_CONVERSION = YES;
				GCC_WARN_ABOUT_RETURN_TYPE = YES_ERROR;
				GCC_WARN_UNDECLARED_SELECTOR = YES;
				GCC_WARN_UNINITIALIZED_AUTOS = YES_AGGRESSIVE;
				GCC_WARN_UNUSED_FUNCTION = YES;
				GCC_WARN_UNUSED_VARIABLE = YES;
				IPHONEOS_DEPLOYMENT_TARGET = 15.4;
				MTL_ENABLE_DEBUG_INFO = INCLUDE_SOURCE;
				MTL_FAST_MATH = YES;
				ONLY_ACTIVE_ARCH = YES;
				SDKROOT = iphoneos;
				SWIFT_ACTIVE_COMPILATION_CONDITIONS = DEBUG;
				SWIFT_OPTIMIZATION_LEVEL = "-Onone";
				VALIDATE_WORKSPACE_SKIPPED_SDK_FRAMEWORKS = "$(BACKEND_URL)";
			};
			name = ProductionDebug;
		};
		22948BB0287457A10084862E /* ProductionRelease */ = {
			isa = XCBuildConfiguration;
			baseConfigurationReference = 22948BBC2874589F0084862E /* Production.xcconfig */;
			buildSettings = {
				ALWAYS_SEARCH_USER_PATHS = NO;
				CLANG_ANALYZER_NONNULL = YES;
				CLANG_ANALYZER_NUMBER_OBJECT_CONVERSION = YES_AGGRESSIVE;
				CLANG_CXX_LANGUAGE_STANDARD = "gnu++17";
				CLANG_ENABLE_MODULES = YES;
				CLANG_ENABLE_OBJC_ARC = YES;
				CLANG_ENABLE_OBJC_WEAK = YES;
				CLANG_WARN_BLOCK_CAPTURE_AUTORELEASING = YES;
				CLANG_WARN_BOOL_CONVERSION = YES;
				CLANG_WARN_COMMA = YES;
				CLANG_WARN_CONSTANT_CONVERSION = YES;
				CLANG_WARN_DEPRECATED_OBJC_IMPLEMENTATIONS = YES;
				CLANG_WARN_DIRECT_OBJC_ISA_USAGE = YES_ERROR;
				CLANG_WARN_DOCUMENTATION_COMMENTS = YES;
				CLANG_WARN_EMPTY_BODY = YES;
				CLANG_WARN_ENUM_CONVERSION = YES;
				CLANG_WARN_INFINITE_RECURSION = YES;
				CLANG_WARN_INT_CONVERSION = YES;
				CLANG_WARN_NON_LITERAL_NULL_CONVERSION = YES;
				CLANG_WARN_OBJC_IMPLICIT_RETAIN_SELF = YES;
				CLANG_WARN_OBJC_LITERAL_CONVERSION = YES;
				CLANG_WARN_OBJC_ROOT_CLASS = YES_ERROR;
				CLANG_WARN_QUOTED_INCLUDE_IN_FRAMEWORK_HEADER = YES;
				CLANG_WARN_RANGE_LOOP_ANALYSIS = YES;
				CLANG_WARN_STRICT_PROTOTYPES = YES;
				CLANG_WARN_SUSPICIOUS_MOVE = YES;
				CLANG_WARN_UNGUARDED_AVAILABILITY = YES_AGGRESSIVE;
				CLANG_WARN_UNREACHABLE_CODE = YES;
				CLANG_WARN__DUPLICATE_METHOD_MATCH = YES;
				COPY_PHASE_STRIP = NO;
				DEBUG_INFORMATION_FORMAT = "dwarf-with-dsym";
				ENABLE_NS_ASSERTIONS = NO;
				ENABLE_STRICT_OBJC_MSGSEND = YES;
				GCC_C_LANGUAGE_STANDARD = gnu11;
				GCC_NO_COMMON_BLOCKS = YES;
				GCC_WARN_64_TO_32_BIT_CONVERSION = YES;
				GCC_WARN_ABOUT_RETURN_TYPE = YES_ERROR;
				GCC_WARN_UNDECLARED_SELECTOR = YES;
				GCC_WARN_UNINITIALIZED_AUTOS = YES_AGGRESSIVE;
				GCC_WARN_UNUSED_FUNCTION = YES;
				GCC_WARN_UNUSED_VARIABLE = YES;
				IPHONEOS_DEPLOYMENT_TARGET = 15.4;
				MTL_ENABLE_DEBUG_INFO = NO;
				MTL_FAST_MATH = YES;
				SDKROOT = iphoneos;
				SWIFT_COMPILATION_MODE = wholemodule;
				SWIFT_OPTIMIZATION_LEVEL = "-O";
				VALIDATE_PRODUCT = YES;
				VALIDATE_WORKSPACE_SKIPPED_SDK_FRAMEWORKS = "$(BACKEND_URL)";
			};
			name = ProductionRelease;
		};
		22948BB2287457A10084862E /* ProductionDebug */ = {
			isa = XCBuildConfiguration;
			baseConfigurationReference = 22948BBC2874589F0084862E /* Production.xcconfig */;
			buildSettings = {
				ASSETCATALOG_COMPILER_APPICON_NAME = AppIcon;
				ASSETCATALOG_COMPILER_GLOBAL_ACCENT_COLOR_NAME = AccentColor;
				CODE_SIGN_ENTITLEMENTS = FirstOfficer/FirstOfficer.entitlements;
				CODE_SIGN_IDENTITY = "iPhone Developer";
				CODE_SIGN_STYLE = Manual;
				CURRENT_PROJECT_VERSION = 1;
				DEVELOPMENT_TEAM = TBXF7RJBHZ;
				GENERATE_INFOPLIST_FILE = YES;
				INFOPLIST_FILE = FirstOfficer/Info.plist;
				INFOPLIST_KEY_UIApplicationSupportsIndirectInputEvents = YES;
				INFOPLIST_KEY_UILaunchStoryboardName = LaunchScreen;
				INFOPLIST_KEY_UIMainStoryboardFile = Main;
				INFOPLIST_KEY_UISupportedInterfaceOrientations_iPad = "UIInterfaceOrientationPortrait UIInterfaceOrientationPortraitUpsideDown UIInterfaceOrientationLandscapeLeft UIInterfaceOrientationLandscapeRight";
				INFOPLIST_KEY_UISupportedInterfaceOrientations_iPhone = "UIInterfaceOrientationPortrait UIInterfaceOrientationLandscapeLeft UIInterfaceOrientationLandscapeRight";
				LD_RUNPATH_SEARCH_PATHS = (
					"$(inherited)",
					"@executable_path/Frameworks",
				);
				MARKETING_VERSION = 1.0;
				PRODUCT_BUNDLE_IDENTIFIER = com.mobven.denizcan.FirstOfficer;
				PRODUCT_NAME = "$(APP_NAME)";
				PROVISIONING_PROFILE_SPECIFIER = "com.mobven.denizcan.FirstOfficer pp";
				SWIFT_EMIT_LOC_STRINGS = YES;
				SWIFT_VERSION = 5.0;
				TARGETED_DEVICE_FAMILY = "1,2";
			};
			name = ProductionDebug;
		};
		22948BB3287457A10084862E /* ProductionRelease */ = {
			isa = XCBuildConfiguration;
			baseConfigurationReference = 22948BBC2874589F0084862E /* Production.xcconfig */;
			buildSettings = {
				ASSETCATALOG_COMPILER_APPICON_NAME = AppIcon;
				ASSETCATALOG_COMPILER_GLOBAL_ACCENT_COLOR_NAME = AccentColor;
				CODE_SIGN_ENTITLEMENTS = FirstOfficer/FirstOfficer.entitlements;
				CODE_SIGN_IDENTITY = "iPhone Developer";
				CODE_SIGN_STYLE = Manual;
				CURRENT_PROJECT_VERSION = 1;
				DEVELOPMENT_TEAM = TBXF7RJBHZ;
				GENERATE_INFOPLIST_FILE = YES;
				INFOPLIST_FILE = FirstOfficer/Info.plist;
				INFOPLIST_KEY_UIApplicationSupportsIndirectInputEvents = YES;
				INFOPLIST_KEY_UILaunchStoryboardName = LaunchScreen;
				INFOPLIST_KEY_UIMainStoryboardFile = Main;
				INFOPLIST_KEY_UISupportedInterfaceOrientations_iPad = "UIInterfaceOrientationPortrait UIInterfaceOrientationPortraitUpsideDown UIInterfaceOrientationLandscapeLeft UIInterfaceOrientationLandscapeRight";
				INFOPLIST_KEY_UISupportedInterfaceOrientations_iPhone = "UIInterfaceOrientationPortrait UIInterfaceOrientationLandscapeLeft UIInterfaceOrientationLandscapeRight";
				LD_RUNPATH_SEARCH_PATHS = (
					"$(inherited)",
					"@executable_path/Frameworks",
				);
				MARKETING_VERSION = 1.0;
				PRODUCT_BUNDLE_IDENTIFIER = com.mobven.denizcan.FirstOfficer;
				PRODUCT_NAME = "$(APP_NAME)";
				PROVISIONING_PROFILE_SPECIFIER = "com.mobven.denizcan.FirstOfficer pp";
				SWIFT_EMIT_LOC_STRINGS = YES;
				SWIFT_VERSION = 5.0;
				TARGETED_DEVICE_FAMILY = "1,2";
			};
			name = ProductionRelease;
		};
		22948BB5287457A10084862E /* ProductionDebug */ = {
			isa = XCBuildConfiguration;
			baseConfigurationReference = 22948BBC2874589F0084862E /* Production.xcconfig */;
			buildSettings = {
				ALWAYS_EMBED_SWIFT_STANDARD_LIBRARIES = YES;
				BUNDLE_LOADER = "$(TEST_HOST)";
				CODE_SIGN_STYLE = Automatic;
				CURRENT_PROJECT_VERSION = 1;
				DEVELOPMENT_TEAM = HFAT5MSZJX;
				GENERATE_INFOPLIST_FILE = YES;
				IPHONEOS_DEPLOYMENT_TARGET = 15.4;
				MARKETING_VERSION = 1.0;
				PRODUCT_BUNDLE_IDENTIFIER = com.mobven.ios.beytasdenizcan.FirstOfficerTests;
				PRODUCT_NAME = "$(TARGET_NAME)";
				SWIFT_EMIT_LOC_STRINGS = NO;
				SWIFT_VERSION = 5.0;
				TARGETED_DEVICE_FAMILY = "1,2";
				TEST_HOST = "$(BUILT_PRODUCTS_DIR)/FirstOfficer.app/FirstOfficer";
			};
			name = ProductionDebug;
		};
		22948BB6287457A10084862E /* ProductionRelease */ = {
			isa = XCBuildConfiguration;
			baseConfigurationReference = 22948BBC2874589F0084862E /* Production.xcconfig */;
			buildSettings = {
				ALWAYS_EMBED_SWIFT_STANDARD_LIBRARIES = YES;
				BUNDLE_LOADER = "$(TEST_HOST)";
				CODE_SIGN_STYLE = Automatic;
				CURRENT_PROJECT_VERSION = 1;
				DEVELOPMENT_TEAM = HFAT5MSZJX;
				GENERATE_INFOPLIST_FILE = YES;
				IPHONEOS_DEPLOYMENT_TARGET = 15.4;
				MARKETING_VERSION = 1.0;
				PRODUCT_BUNDLE_IDENTIFIER = com.mobven.ios.beytasdenizcan.FirstOfficerTests;
				PRODUCT_NAME = "$(TARGET_NAME)";
				SWIFT_EMIT_LOC_STRINGS = NO;
				SWIFT_VERSION = 5.0;
				TARGETED_DEVICE_FAMILY = "1,2";
				TEST_HOST = "$(BUILT_PRODUCTS_DIR)/FirstOfficer.app/FirstOfficer";
			};
			name = ProductionRelease;
		};
		22948BB8287457A10084862E /* ProductionDebug */ = {
			isa = XCBuildConfiguration;
			baseConfigurationReference = 22948BBC2874589F0084862E /* Production.xcconfig */;
			buildSettings = {
				ALWAYS_EMBED_SWIFT_STANDARD_LIBRARIES = YES;
				CODE_SIGN_STYLE = Automatic;
				CURRENT_PROJECT_VERSION = 1;
				DEVELOPMENT_TEAM = HFAT5MSZJX;
				GENERATE_INFOPLIST_FILE = YES;
				MARKETING_VERSION = 1.0;
				PRODUCT_BUNDLE_IDENTIFIER = com.mobven.ios.beytasdenizcan.FirstOfficerUITests;
				PRODUCT_NAME = "$(TARGET_NAME)";
				SWIFT_EMIT_LOC_STRINGS = NO;
				SWIFT_VERSION = 5.0;
				TARGETED_DEVICE_FAMILY = "1,2";
				TEST_TARGET_NAME = FirstOfficer;
			};
			name = ProductionDebug;
		};
		22948BB9287457A10084862E /* ProductionRelease */ = {
			isa = XCBuildConfiguration;
			baseConfigurationReference = 22948BBC2874589F0084862E /* Production.xcconfig */;
			buildSettings = {
				ALWAYS_EMBED_SWIFT_STANDARD_LIBRARIES = YES;
				CODE_SIGN_STYLE = Automatic;
				CURRENT_PROJECT_VERSION = 1;
				DEVELOPMENT_TEAM = HFAT5MSZJX;
				GENERATE_INFOPLIST_FILE = YES;
				MARKETING_VERSION = 1.0;
				PRODUCT_BUNDLE_IDENTIFIER = com.mobven.ios.beytasdenizcan.FirstOfficerUITests;
				PRODUCT_NAME = "$(TARGET_NAME)";
				SWIFT_EMIT_LOC_STRINGS = NO;
				SWIFT_VERSION = 5.0;
				TARGETED_DEVICE_FAMILY = "1,2";
				TEST_TARGET_NAME = FirstOfficer;
			};
			name = ProductionRelease;
		};
		22948BBD28745A6F0084862E /* DevelopmentDebug */ = {
			isa = XCBuildConfiguration;
			baseConfigurationReference = 22948BBB2874587B0084862E /* Development.xcconfig */;
			buildSettings = {
				ALWAYS_SEARCH_USER_PATHS = NO;
				CLANG_ANALYZER_NONNULL = YES;
				CLANG_ANALYZER_NUMBER_OBJECT_CONVERSION = YES_AGGRESSIVE;
				CLANG_CXX_LANGUAGE_STANDARD = "gnu++17";
				CLANG_ENABLE_MODULES = YES;
				CLANG_ENABLE_OBJC_ARC = YES;
				CLANG_ENABLE_OBJC_WEAK = YES;
				CLANG_WARN_BLOCK_CAPTURE_AUTORELEASING = YES;
				CLANG_WARN_BOOL_CONVERSION = YES;
				CLANG_WARN_COMMA = YES;
				CLANG_WARN_CONSTANT_CONVERSION = YES;
				CLANG_WARN_DEPRECATED_OBJC_IMPLEMENTATIONS = YES;
				CLANG_WARN_DIRECT_OBJC_ISA_USAGE = YES_ERROR;
				CLANG_WARN_DOCUMENTATION_COMMENTS = YES;
				CLANG_WARN_EMPTY_BODY = YES;
				CLANG_WARN_ENUM_CONVERSION = YES;
				CLANG_WARN_INFINITE_RECURSION = YES;
				CLANG_WARN_INT_CONVERSION = YES;
				CLANG_WARN_NON_LITERAL_NULL_CONVERSION = YES;
				CLANG_WARN_OBJC_IMPLICIT_RETAIN_SELF = YES;
				CLANG_WARN_OBJC_LITERAL_CONVERSION = YES;
				CLANG_WARN_OBJC_ROOT_CLASS = YES_ERROR;
				CLANG_WARN_QUOTED_INCLUDE_IN_FRAMEWORK_HEADER = YES;
				CLANG_WARN_RANGE_LOOP_ANALYSIS = YES;
				CLANG_WARN_STRICT_PROTOTYPES = YES;
				CLANG_WARN_SUSPICIOUS_MOVE = YES;
				CLANG_WARN_UNGUARDED_AVAILABILITY = YES_AGGRESSIVE;
				CLANG_WARN_UNREACHABLE_CODE = YES;
				CLANG_WARN__DUPLICATE_METHOD_MATCH = YES;
				COPY_PHASE_STRIP = NO;
				DEBUG_INFORMATION_FORMAT = dwarf;
				ENABLE_STRICT_OBJC_MSGSEND = YES;
				ENABLE_TESTABILITY = YES;
				GCC_C_LANGUAGE_STANDARD = gnu11;
				GCC_DYNAMIC_NO_PIC = NO;
				GCC_NO_COMMON_BLOCKS = YES;
				GCC_OPTIMIZATION_LEVEL = 0;
				GCC_PREPROCESSOR_DEFINITIONS = (
					"DEBUG=1",
					"$(inherited)",
				);
				GCC_WARN_64_TO_32_BIT_CONVERSION = YES;
				GCC_WARN_ABOUT_RETURN_TYPE = YES_ERROR;
				GCC_WARN_UNDECLARED_SELECTOR = YES;
				GCC_WARN_UNINITIALIZED_AUTOS = YES_AGGRESSIVE;
				GCC_WARN_UNUSED_FUNCTION = YES;
				GCC_WARN_UNUSED_VARIABLE = YES;
				IPHONEOS_DEPLOYMENT_TARGET = 15.4;
				MTL_ENABLE_DEBUG_INFO = INCLUDE_SOURCE;
				MTL_FAST_MATH = YES;
				ONLY_ACTIVE_ARCH = YES;
				SDKROOT = iphoneos;
				SWIFT_ACTIVE_COMPILATION_CONDITIONS = DEBUG;
				SWIFT_OPTIMIZATION_LEVEL = "-Onone";
				VALIDATE_WORKSPACE_SKIPPED_SDK_FRAMEWORKS = "$(BACKEND_URL)";
			};
			name = DevelopmentDebug;
		};
		22948BBE28745A6F0084862E /* DevelopmentDebug */ = {
			isa = XCBuildConfiguration;
			baseConfigurationReference = 22948BBB2874587B0084862E /* Development.xcconfig */;
			buildSettings = {
				ASSETCATALOG_COMPILER_APPICON_NAME = AppIcon;
				ASSETCATALOG_COMPILER_GLOBAL_ACCENT_COLOR_NAME = AccentColor;
				CODE_SIGN_ENTITLEMENTS = FirstOfficer/FirstOfficer.entitlements;
				CODE_SIGN_IDENTITY = "iPhone Developer";
				CODE_SIGN_STYLE = Manual;
				CURRENT_PROJECT_VERSION = 1;
				DEVELOPMENT_TEAM = TBXF7RJBHZ;
				GENERATE_INFOPLIST_FILE = YES;
				INFOPLIST_FILE = FirstOfficer/Info.plist;
				INFOPLIST_KEY_UIApplicationSupportsIndirectInputEvents = YES;
				INFOPLIST_KEY_UILaunchStoryboardName = LaunchScreen;
				INFOPLIST_KEY_UIMainStoryboardFile = Main;
				INFOPLIST_KEY_UISupportedInterfaceOrientations_iPad = "UIInterfaceOrientationPortrait UIInterfaceOrientationPortraitUpsideDown UIInterfaceOrientationLandscapeLeft UIInterfaceOrientationLandscapeRight";
				INFOPLIST_KEY_UISupportedInterfaceOrientations_iPhone = "UIInterfaceOrientationPortrait UIInterfaceOrientationLandscapeLeft UIInterfaceOrientationLandscapeRight";
				LD_RUNPATH_SEARCH_PATHS = (
					"$(inherited)",
					"@executable_path/Frameworks",
				);
				MARKETING_VERSION = 1.0;
				PRODUCT_BUNDLE_IDENTIFIER = com.mobven.denizcan.FirstOfficer.dev;
				PRODUCT_NAME = "$(APP_NAME)";
				PROVISIONING_PROFILE_SPECIFIER = "com.mobven.denizcan.FirstOfficer.dev pp";
				SWIFT_EMIT_LOC_STRINGS = YES;
				SWIFT_VERSION = 5.0;
				TARGETED_DEVICE_FAMILY = "1,2";
			};
			name = DevelopmentDebug;
		};
		22948BBF28745A6F0084862E /* DevelopmentDebug */ = {
			isa = XCBuildConfiguration;
			baseConfigurationReference = 22948BBB2874587B0084862E /* Development.xcconfig */;
			buildSettings = {
				ALWAYS_EMBED_SWIFT_STANDARD_LIBRARIES = YES;
				BUNDLE_LOADER = "$(TEST_HOST)";
				CODE_SIGN_STYLE = Automatic;
				CURRENT_PROJECT_VERSION = 1;
				DEVELOPMENT_TEAM = HFAT5MSZJX;
				GENERATE_INFOPLIST_FILE = YES;
				IPHONEOS_DEPLOYMENT_TARGET = 15.4;
				MARKETING_VERSION = 1.0;
				PRODUCT_BUNDLE_IDENTIFIER = com.mobven.ios.beytasdenizcan.FirstOfficerTests;
				PRODUCT_NAME = "$(TARGET_NAME)";
				SWIFT_EMIT_LOC_STRINGS = NO;
				SWIFT_VERSION = 5.0;
				TARGETED_DEVICE_FAMILY = "1,2";
				TEST_HOST = "$(BUILT_PRODUCTS_DIR)/FirstOfficer.app/FirstOfficer";
			};
			name = DevelopmentDebug;
		};
		22948BC028745A6F0084862E /* DevelopmentDebug */ = {
			isa = XCBuildConfiguration;
			baseConfigurationReference = 22948BBB2874587B0084862E /* Development.xcconfig */;
			buildSettings = {
				ALWAYS_EMBED_SWIFT_STANDARD_LIBRARIES = YES;
				CODE_SIGN_STYLE = Automatic;
				CURRENT_PROJECT_VERSION = 1;
				DEVELOPMENT_TEAM = HFAT5MSZJX;
				GENERATE_INFOPLIST_FILE = YES;
				MARKETING_VERSION = 1.0;
				PRODUCT_BUNDLE_IDENTIFIER = com.mobven.ios.beytasdenizcan.FirstOfficerUITests;
				PRODUCT_NAME = "$(TARGET_NAME)";
				SWIFT_EMIT_LOC_STRINGS = NO;
				SWIFT_VERSION = 5.0;
				TARGETED_DEVICE_FAMILY = "1,2";
				TEST_TARGET_NAME = FirstOfficer;
			};
			name = DevelopmentDebug;
		};
		22948BC128745A8B0084862E /* DevelopmentRelease */ = {
			isa = XCBuildConfiguration;
			baseConfigurationReference = 22948BBB2874587B0084862E /* Development.xcconfig */;
			buildSettings = {
				ALWAYS_SEARCH_USER_PATHS = NO;
				CLANG_ANALYZER_NONNULL = YES;
				CLANG_ANALYZER_NUMBER_OBJECT_CONVERSION = YES_AGGRESSIVE;
				CLANG_CXX_LANGUAGE_STANDARD = "gnu++17";
				CLANG_ENABLE_MODULES = YES;
				CLANG_ENABLE_OBJC_ARC = YES;
				CLANG_ENABLE_OBJC_WEAK = YES;
				CLANG_WARN_BLOCK_CAPTURE_AUTORELEASING = YES;
				CLANG_WARN_BOOL_CONVERSION = YES;
				CLANG_WARN_COMMA = YES;
				CLANG_WARN_CONSTANT_CONVERSION = YES;
				CLANG_WARN_DEPRECATED_OBJC_IMPLEMENTATIONS = YES;
				CLANG_WARN_DIRECT_OBJC_ISA_USAGE = YES_ERROR;
				CLANG_WARN_DOCUMENTATION_COMMENTS = YES;
				CLANG_WARN_EMPTY_BODY = YES;
				CLANG_WARN_ENUM_CONVERSION = YES;
				CLANG_WARN_INFINITE_RECURSION = YES;
				CLANG_WARN_INT_CONVERSION = YES;
				CLANG_WARN_NON_LITERAL_NULL_CONVERSION = YES;
				CLANG_WARN_OBJC_IMPLICIT_RETAIN_SELF = YES;
				CLANG_WARN_OBJC_LITERAL_CONVERSION = YES;
				CLANG_WARN_OBJC_ROOT_CLASS = YES_ERROR;
				CLANG_WARN_QUOTED_INCLUDE_IN_FRAMEWORK_HEADER = YES;
				CLANG_WARN_RANGE_LOOP_ANALYSIS = YES;
				CLANG_WARN_STRICT_PROTOTYPES = YES;
				CLANG_WARN_SUSPICIOUS_MOVE = YES;
				CLANG_WARN_UNGUARDED_AVAILABILITY = YES_AGGRESSIVE;
				CLANG_WARN_UNREACHABLE_CODE = YES;
				CLANG_WARN__DUPLICATE_METHOD_MATCH = YES;
				COPY_PHASE_STRIP = NO;
				DEBUG_INFORMATION_FORMAT = "dwarf-with-dsym";
				ENABLE_NS_ASSERTIONS = NO;
				ENABLE_STRICT_OBJC_MSGSEND = YES;
				GCC_C_LANGUAGE_STANDARD = gnu11;
				GCC_NO_COMMON_BLOCKS = YES;
				GCC_WARN_64_TO_32_BIT_CONVERSION = YES;
				GCC_WARN_ABOUT_RETURN_TYPE = YES_ERROR;
				GCC_WARN_UNDECLARED_SELECTOR = YES;
				GCC_WARN_UNINITIALIZED_AUTOS = YES_AGGRESSIVE;
				GCC_WARN_UNUSED_FUNCTION = YES;
				GCC_WARN_UNUSED_VARIABLE = YES;
				IPHONEOS_DEPLOYMENT_TARGET = 15.4;
				MTL_ENABLE_DEBUG_INFO = NO;
				MTL_FAST_MATH = YES;
				SDKROOT = iphoneos;
				SWIFT_COMPILATION_MODE = wholemodule;
				SWIFT_OPTIMIZATION_LEVEL = "-O";
				VALIDATE_PRODUCT = YES;
				VALIDATE_WORKSPACE_SKIPPED_SDK_FRAMEWORKS = "$(BACKEND_URL)";
			};
			name = DevelopmentRelease;
		};
		22948BC228745A8B0084862E /* DevelopmentRelease */ = {
			isa = XCBuildConfiguration;
			baseConfigurationReference = 22948BBB2874587B0084862E /* Development.xcconfig */;
			buildSettings = {
				ASSETCATALOG_COMPILER_APPICON_NAME = AppIcon;
				ASSETCATALOG_COMPILER_GLOBAL_ACCENT_COLOR_NAME = AccentColor;
				CODE_SIGN_ENTITLEMENTS = FirstOfficer/FirstOfficer.entitlements;
				CODE_SIGN_IDENTITY = "iPhone Developer";
				CODE_SIGN_STYLE = Manual;
				CURRENT_PROJECT_VERSION = 1;
				DEVELOPMENT_TEAM = TBXF7RJBHZ;
				GENERATE_INFOPLIST_FILE = YES;
				INFOPLIST_FILE = FirstOfficer/Info.plist;
				INFOPLIST_KEY_UIApplicationSupportsIndirectInputEvents = YES;
				INFOPLIST_KEY_UILaunchStoryboardName = LaunchScreen;
				INFOPLIST_KEY_UIMainStoryboardFile = Main;
				INFOPLIST_KEY_UISupportedInterfaceOrientations_iPad = "UIInterfaceOrientationPortrait UIInterfaceOrientationPortraitUpsideDown UIInterfaceOrientationLandscapeLeft UIInterfaceOrientationLandscapeRight";
				INFOPLIST_KEY_UISupportedInterfaceOrientations_iPhone = "UIInterfaceOrientationPortrait UIInterfaceOrientationLandscapeLeft UIInterfaceOrientationLandscapeRight";
				LD_RUNPATH_SEARCH_PATHS = (
					"$(inherited)",
					"@executable_path/Frameworks",
				);
				MARKETING_VERSION = 1.0;
				PRODUCT_BUNDLE_IDENTIFIER = com.mobven.denizcan.FirstOfficer.dev;
				PRODUCT_NAME = "$(APP_NAME)";
				PROVISIONING_PROFILE_SPECIFIER = "com.mobven.denizcan.FirstOfficer.dev pp";
				SWIFT_EMIT_LOC_STRINGS = YES;
				SWIFT_VERSION = 5.0;
				TARGETED_DEVICE_FAMILY = "1,2";
			};
			name = DevelopmentRelease;
		};
		22948BC328745A8B0084862E /* DevelopmentRelease */ = {
			isa = XCBuildConfiguration;
			baseConfigurationReference = 22948BBB2874587B0084862E /* Development.xcconfig */;
			buildSettings = {
				ALWAYS_EMBED_SWIFT_STANDARD_LIBRARIES = YES;
				BUNDLE_LOADER = "$(TEST_HOST)";
				CODE_SIGN_STYLE = Automatic;
				CURRENT_PROJECT_VERSION = 1;
				DEVELOPMENT_TEAM = HFAT5MSZJX;
				GENERATE_INFOPLIST_FILE = YES;
				IPHONEOS_DEPLOYMENT_TARGET = 15.4;
				MARKETING_VERSION = 1.0;
				PRODUCT_BUNDLE_IDENTIFIER = com.mobven.ios.beytasdenizcan.FirstOfficerTests;
				PRODUCT_NAME = "$(TARGET_NAME)";
				SWIFT_EMIT_LOC_STRINGS = NO;
				SWIFT_VERSION = 5.0;
				TARGETED_DEVICE_FAMILY = "1,2";
				TEST_HOST = "$(BUILT_PRODUCTS_DIR)/FirstOfficer.app/FirstOfficer";
			};
			name = DevelopmentRelease;
		};
		22948BC428745A8B0084862E /* DevelopmentRelease */ = {
			isa = XCBuildConfiguration;
			baseConfigurationReference = 22948BBB2874587B0084862E /* Development.xcconfig */;
			buildSettings = {
				ALWAYS_EMBED_SWIFT_STANDARD_LIBRARIES = YES;
				CODE_SIGN_STYLE = Automatic;
				CURRENT_PROJECT_VERSION = 1;
				DEVELOPMENT_TEAM = HFAT5MSZJX;
				GENERATE_INFOPLIST_FILE = YES;
				MARKETING_VERSION = 1.0;
				PRODUCT_BUNDLE_IDENTIFIER = com.mobven.ios.beytasdenizcan.FirstOfficerUITests;
				PRODUCT_NAME = "$(TARGET_NAME)";
				SWIFT_EMIT_LOC_STRINGS = NO;
				SWIFT_VERSION = 5.0;
				TARGETED_DEVICE_FAMILY = "1,2";
				TEST_TARGET_NAME = FirstOfficer;
			};
			name = DevelopmentRelease;
		};
/* End XCBuildConfiguration section */

/* Begin XCConfigurationList section */
		22948B822874579D0084862E /* Build configuration list for PBXProject "FirstOfficer" */ = {
			isa = XCConfigurationList;
			buildConfigurations = (
				22948BAF287457A10084862E /* ProductionDebug */,
				22948BBD28745A6F0084862E /* DevelopmentDebug */,
				22948BB0287457A10084862E /* ProductionRelease */,
				22948BC128745A8B0084862E /* DevelopmentRelease */,
			);
			defaultConfigurationIsVisible = 0;
			defaultConfigurationName = ProductionRelease;
		};
		22948BB1287457A10084862E /* Build configuration list for PBXNativeTarget "FirstOfficer" */ = {
			isa = XCConfigurationList;
			buildConfigurations = (
				22948BB2287457A10084862E /* ProductionDebug */,
				22948BBE28745A6F0084862E /* DevelopmentDebug */,
				22948BB3287457A10084862E /* ProductionRelease */,
				22948BC228745A8B0084862E /* DevelopmentRelease */,
			);
			defaultConfigurationIsVisible = 0;
			defaultConfigurationName = ProductionRelease;
		};
		22948BB4287457A10084862E /* Build configuration list for PBXNativeTarget "FirstOfficerTests" */ = {
			isa = XCConfigurationList;
			buildConfigurations = (
				22948BB5287457A10084862E /* ProductionDebug */,
				22948BBF28745A6F0084862E /* DevelopmentDebug */,
				22948BB6287457A10084862E /* ProductionRelease */,
				22948BC328745A8B0084862E /* DevelopmentRelease */,
			);
			defaultConfigurationIsVisible = 0;
			defaultConfigurationName = ProductionRelease;
		};
		22948BB7287457A10084862E /* Build configuration list for PBXNativeTarget "FirstOfficerUITests" */ = {
			isa = XCConfigurationList;
			buildConfigurations = (
				22948BB8287457A10084862E /* ProductionDebug */,
				22948BC028745A6F0084862E /* DevelopmentDebug */,
				22948BB9287457A10084862E /* ProductionRelease */,
				22948BC428745A8B0084862E /* DevelopmentRelease */,
			);
			defaultConfigurationIsVisible = 0;
			defaultConfigurationName = ProductionRelease;
		};
/* End XCConfigurationList section */

/* Begin XCRemoteSwiftPackageReference section */
		2223AA7C28A00121003D765F /* XCRemoteSwiftPackageReference "SDWebImage" */ = {
			isa = XCRemoteSwiftPackageReference;
			repositoryURL = "https://github.com/SDWebImage/SDWebImage";
			requirement = {
				kind = exactVersion;
				version = 5.9.5;
			};
		};
/* End XCRemoteSwiftPackageReference section */

/* Begin XCSwiftPackageProductDependency section */
		2223AA7D28A00121003D765F /* SDWebImage */ = {
			isa = XCSwiftPackageProductDependency;
			package = 2223AA7C28A00121003D765F /* XCRemoteSwiftPackageReference "SDWebImage" */;
			productName = SDWebImage;
		};
		2223AA7F28A00121003D765F /* SDWebImageMapKit */ = {
			isa = XCSwiftPackageProductDependency;
			package = 2223AA7C28A00121003D765F /* XCRemoteSwiftPackageReference "SDWebImage" */;
			productName = SDWebImageMapKit;
		};
/* End XCSwiftPackageProductDependency section */
	};
	rootObject = 22948B7F2874579D0084862E /* Project object */;
}
