{
  "pins" : [
    {
      "identity" : "iqkeyboardmanager",
      "kind" : "remoteSourceControl",
      "location" : "https://github.com/hackiftekhar/IQKeyboardManager.git",
      "state" : {
        "branch" : "master",
        "revision" : "c0b5dbc3da5b0920b965b502c0b9be9e55156c71"
      }
    },
    {
      "identity" : "lottie-ios",
      "kind" : "remoteSourceControl",
      "location" : "https://github.com/airbnb/lottie-ios.git",
      "state" : {
        "revision" : "4ca8023b820b7d5d5ae1e2637c046e3dab0f45d0",
        "version" : "3.4.2"
      }
    },
    {
      "identity" : "sdwebimage",
      "kind" : "remoteSourceControl",
      "location" : "https://github.com/SDWebImage/SDWebImage",
      "state" : {
        "revision" : "2c8ed9a2f3ad537dbe9e58e2ec18be361da112aa",
        "version" : "5.9.5"
      }
    }
  ],
  "version" : 2
}
